
Microsoft Visual Studio Solution File, Format Version 12.00
# Visual Studio 15
VisualStudioVersion = 15.0.27703.2000
MinimumVisualStudioVersion = 10.0.40219.1
Project("{FAE04EC0-301F-11D3-BF4B-00C04F79EFBC}") = "Enumerations", "Enumerations\Enumerations.csproj", "{95322889-1095-4D90-927B-5B7D7CF0114C}"
EndProject
Project("{FAE04EC0-301F-11D3-BF4B-00C04F79EFBC}") = "Exceptions", "Exceptions\Exceptions.csproj", "{5E84A9F5-46E4-4363-8B89-53067627A1C7}"
EndProject
Project("{FAE04EC0-301F-11D3-BF4B-00C04F79EFBC}") = "MethodesExtension", "MethodesExtension\MethodesExtension.csproj", "{A3D1407D-9823-4917-9523-6C14B2F8006E}"
EndProject
Project("{FAE04EC0-301F-11D3-BF4B-00C04F79EFBC}") = "LINQ", "ExempleLinq\LINQ.csproj", "{56D612BB-02C9-4648-A20C-32E60F5F960E}"
EndProject
Project("{FAE04EC0-301F-11D3-BF4B-00C04F79EFBC}") = "ExerciceLINQ", "LinqExos\ExerciceLINQ.csproj", "{25FB840E-8F85-4E5D-9B52-F4CA1EDB8DE7}"
EndProject
Project("{FAE04EC0-301F-11D3-BF4B-00C04F79EFBC}") = "Interface", "ExemplesInterface\Interface.csproj", "{AACFA37A-A4AF-49EB-8A2A-69AFDC74B5CF}"
EndProject
Project("{FAE04EC0-301F-11D3-BF4B-00C04F79EFBC}") = "Delegues", "Delegues\Delegues.csproj", "{4C64CBFF-11C9-4886-B182-FB8218A9187B}"
EndProject
Project("{FAE04EC0-301F-11D3-BF4B-00C04F79EFBC}") = "ExerciceAgence", "Agence\ExerciceAgence.csproj", "{96BECE59-BDE7-4811-8735-446BEB448B82}"
EndProject
Project("{FAE04EC0-301F-11D3-BF4B-00C04F79EFBC}") = "Heritage", "Heritage\Heritage.csproj", "{D45584DD-65C1-4562-85B8-AA5256531594}"
EndProject
Project("{FAE04EC0-301F-11D3-BF4B-00C04F79EFBC}") = "LectureEcritureFichier", "LectureEcritureFichier\LectureEcritureFichier.csproj", "{D153D2C8-38B2-45AE-9D7A-A8F3B3821781}"
EndProject
Project("{FAE04EC0-301F-11D3-BF4B-00C04F79EFBC}") = "ExerciceTVA1", "ExoTVA\ExerciceTVA1.csproj", "{5FF3CA70-CB63-42DC-9E48-537EFDB1E0A2}"
EndProject
Project("{FAE04EC0-301F-11D3-BF4B-00C04F79EFBC}") = "ExerciceListeCourses", "ConsoleApp1\ExerciceListeCourses.csproj", "{FBF5B2BB-43D3-477E-B80C-9DC138DA70E7}"
EndProject
Project("{FAE04EC0-301F-11D3-BF4B-00C04F79EFBC}") = "ArrayList", "ExerciceArrayList\ArrayList.csproj", "{318026C9-B508-4C1D-8368-E5338791C62B}"
EndProject
Project("{FAE04EC0-301F-11D3-BF4B-00C04F79EFBC}") = "Interpolation", "ExempleInterpolation\Interpolation.csproj", "{0ECDE570-2FBC-440D-B9CE-7D19930F45B9}"
EndProject
Project("{FAE04EC0-301F-11D3-BF4B-00C04F79EFBC}") = "AppelMethode", "ExempleMethode\AppelMethode.csproj", "{7BB6FA74-B35C-4DD8-A612-786C905800C5}"
EndProject
Project("{FAE04EC0-301F-11D3-BF4B-00C04F79EFBC}") = "ExerciceTVA2", "ExempleTVA2\ExerciceTVA2.csproj", "{EFE797D5-3955-46C6-96D7-161B75E4FEF6}"
EndProject
Project("{FAE04EC0-301F-11D3-BF4B-00C04F79EFBC}") = "Parse", "ExempleParse\Parse.csproj", "{348028E5-7481-4430-8FB5-BB5060121DF7}"
EndProject
Project("{FAE04EC0-301F-11D3-BF4B-00C04F79EFBC}") = "ConversionEntreTypes", "ExempleConversionEntreTypes\ConversionEntreTypes.csproj", "{2842BA25-1CD6-48B7-80E2-DE38C5FB4159}"
EndProject
Project("{FAE04EC0-301F-11D3-BF4B-00C04F79EFBC}") = "StructuresControle", "StructuresControle\StructuresControle.csproj", "{6C1CE16D-A076-4B30-9B28-EA06ACB1ED5C}"
EndProject
Project("{FAE04EC0-301F-11D3-BF4B-00C04F79EFBC}") = "ExerciceHotel", "ExerciceHotel\ExerciceHotel.csproj", "{E3D0046B-84E8-4939-B0AB-8F5C105CF0E1}"
EndProject
Project("{FAE04EC0-301F-11D3-BF4B-00C04F79EFBC}") = "ExerciceEmail", "ExerciceEmail\ExerciceEmail.csproj", "{09C7D3DA-8DC2-46D4-BA49-A1572BAE2B1F}"
EndProject
Project("{FAE04EC0-301F-11D3-BF4B-00C04F79EFBC}") = "ExerciceVehicule", "ExerciceVehicule\ExerciceVehicule.csproj", "{5BCB04AE-566A-4DE0-9B77-DD0E11040DCF}"
EndProject
Project("{2150E333-8FDC-42A3-9474-1A3956D46DE8}") = "Exemples", "Exemples", "{C77C3683-2BAF-4FE2-9707-25F6657F39DD}"
EndProject
Project("{2150E333-8FDC-42A3-9474-1A3956D46DE8}") = "ExercicesGuides", "ExercicesGuides", "{0919D393-7EF7-42F8-AF36-FDA44A3D3420}"
EndProject
Project("{FAE04EC0-301F-11D3-BF4B-00C04F79EFBC}") = "PremierEssai", "PremierEssai\PremierEssai.csproj", "{C27BB302-D066-498D-8CF9-761253B2210A}"
EndProject
Project("{FAE04EC0-301F-11D3-BF4B-00C04F79EFBC}") = "MonApp", "MonApp\MonApp.csproj", "{CFA9CB70-5C94-4224-BE0E-060A9D6F0EA6}"
EndProject
Project("{FAE04EC0-301F-11D3-BF4B-00C04F79EFBC}") = "MethodeCentrerTexte", "MethodeCentrerTexte\MethodeCentrerTexte.csproj", "{0B7A9DBB-5792-490B-BFA5-BA78ADDDF1E0}"
EndProject
Global
	GlobalSection(SolutionConfigurationPlatforms) = preSolution
		Debug|Any CPU = Debug|Any CPU
		Release|Any CPU = Release|Any CPU
	EndGlobalSection
	GlobalSection(ProjectConfigurationPlatforms) = postSolution
		{95322889-1095-4D90-927B-5B7D7CF0114C}.Debug|Any CPU.ActiveCfg = Debug|Any CPU
		{95322889-1095-4D90-927B-5B7D7CF0114C}.Debug|Any CPU.Build.0 = Debug|Any CPU
		{95322889-1095-4D90-927B-5B7D7CF0114C}.Release|Any CPU.ActiveCfg = Release|Any CPU
		{95322889-1095-4D90-927B-5B7D7CF0114C}.Release|Any CPU.Build.0 = Release|Any CPU
		{5E84A9F5-46E4-4363-8B89-53067627A1C7}.Debug|Any CPU.ActiveCfg = Debug|Any CPU
		{5E84A9F5-46E4-4363-8B89-53067627A1C7}.Debug|Any CPU.Build.0 = Debug|Any CPU
		{5E84A9F5-46E4-4363-8B89-53067627A1C7}.Release|Any CPU.ActiveCfg = Release|Any CPU
		{5E84A9F5-46E4-4363-8B89-53067627A1C7}.Release|Any CPU.Build.0 = Release|Any CPU
		{A3D1407D-9823-4917-9523-6C14B2F8006E}.Debug|Any CPU.ActiveCfg = Debug|Any CPU
		{A3D1407D-9823-4917-9523-6C14B2F8006E}.Debug|Any CPU.Build.0 = Debug|Any CPU
		{A3D1407D-9823-4917-9523-6C14B2F8006E}.Release|Any CPU.ActiveCfg = Release|Any CPU
		{A3D1407D-9823-4917-9523-6C14B2F8006E}.Release|Any CPU.Build.0 = Release|Any CPU
		{56D612BB-02C9-4648-A20C-32E60F5F960E}.Debug|Any CPU.ActiveCfg = Debug|Any CPU
		{56D612BB-02C9-4648-A20C-32E60F5F960E}.Debug|Any CPU.Build.0 = Debug|Any CPU
		{56D612BB-02C9-4648-A20C-32E60F5F960E}.Release|Any CPU.ActiveCfg = Release|Any CPU
		{56D612BB-02C9-4648-A20C-32E60F5F960E}.Release|Any CPU.Build.0 = Release|Any CPU
		{25FB840E-8F85-4E5D-9B52-F4CA1EDB8DE7}.Debug|Any CPU.ActiveCfg = Debug|Any CPU
		{25FB840E-8F85-4E5D-9B52-F4CA1EDB8DE7}.Debug|Any CPU.Build.0 = Debug|Any CPU
		{25FB840E-8F85-4E5D-9B52-F4CA1EDB8DE7}.Release|Any CPU.ActiveCfg = Release|Any CPU
		{25FB840E-8F85-4E5D-9B52-F4CA1EDB8DE7}.Release|Any CPU.Build.0 = Release|Any CPU
		{AACFA37A-A4AF-49EB-8A2A-69AFDC74B5CF}.Debug|Any CPU.ActiveCfg = Debug|Any CPU
		{AACFA37A-A4AF-49EB-8A2A-69AFDC74B5CF}.Debug|Any CPU.Build.0 = Debug|Any CPU
		{AACFA37A-A4AF-49EB-8A2A-69AFDC74B5CF}.Release|Any CPU.ActiveCfg = Release|Any CPU
		{AACFA37A-A4AF-49EB-8A2A-69AFDC74B5CF}.Release|Any CPU.Build.0 = Release|Any CPU
		{4C64CBFF-11C9-4886-B182-FB8218A9187B}.Debug|Any CPU.ActiveCfg = Debug|Any CPU
		{4C64CBFF-11C9-4886-B182-FB8218A9187B}.Debug|Any CPU.Build.0 = Debug|Any CPU
		{4C64CBFF-11C9-4886-B182-FB8218A9187B}.Release|Any CPU.ActiveCfg = Release|Any CPU
		{4C64CBFF-11C9-4886-B182-FB8218A9187B}.Release|Any CPU.Build.0 = Release|Any CPU
		{96BECE59-BDE7-4811-8735-446BEB448B82}.Debug|Any CPU.ActiveCfg = Debug|Any CPU
		{96BECE59-BDE7-4811-8735-446BEB448B82}.Debug|Any CPU.Build.0 = Debug|Any CPU
		{96BECE59-BDE7-4811-8735-446BEB448B82}.Release|Any CPU.ActiveCfg = Release|Any CPU
		{96BECE59-BDE7-4811-8735-446BEB448B82}.Release|Any CPU.Build.0 = Release|Any CPU
		{D45584DD-65C1-4562-85B8-AA5256531594}.Debug|Any CPU.ActiveCfg = Debug|Any CPU
		{D45584DD-65C1-4562-85B8-AA5256531594}.Debug|Any CPU.Build.0 = Debug|Any CPU
		{D45584DD-65C1-4562-85B8-AA5256531594}.Release|Any CPU.ActiveCfg = Release|Any CPU
		{D45584DD-65C1-4562-85B8-AA5256531594}.Release|Any CPU.Build.0 = Release|Any CPU
		{D153D2C8-38B2-45AE-9D7A-A8F3B3821781}.Debug|Any CPU.ActiveCfg = Debug|Any CPU
		{D153D2C8-38B2-45AE-9D7A-A8F3B3821781}.Debug|Any CPU.Build.0 = Debug|Any CPU
		{D153D2C8-38B2-45AE-9D7A-A8F3B3821781}.Release|Any CPU.ActiveCfg = Release|Any CPU
		{D153D2C8-38B2-45AE-9D7A-A8F3B3821781}.Release|Any CPU.Build.0 = Release|Any CPU
		{5FF3CA70-CB63-42DC-9E48-537EFDB1E0A2}.Debug|Any CPU.ActiveCfg = Debug|Any CPU
		{5FF3CA70-CB63-42DC-9E48-537EFDB1E0A2}.Debug|Any CPU.Build.0 = Debug|Any CPU
		{5FF3CA70-CB63-42DC-9E48-537EFDB1E0A2}.Release|Any CPU.ActiveCfg = Release|Any CPU
		{5FF3CA70-CB63-42DC-9E48-537EFDB1E0A2}.Release|Any CPU.Build.0 = Release|Any CPU
		{FBF5B2BB-43D3-477E-B80C-9DC138DA70E7}.Debug|Any CPU.ActiveCfg = Debug|Any CPU
		{FBF5B2BB-43D3-477E-B80C-9DC138DA70E7}.Debug|Any CPU.Build.0 = Debug|Any CPU
		{FBF5B2BB-43D3-477E-B80C-9DC138DA70E7}.Release|Any CPU.ActiveCfg = Release|Any CPU
		{FBF5B2BB-43D3-477E-B80C-9DC138DA70E7}.Release|Any CPU.Build.0 = Release|Any CPU
		{318026C9-B508-4C1D-8368-E5338791C62B}.Debug|Any CPU.ActiveCfg = Debug|Any CPU
		{318026C9-B508-4C1D-8368-E5338791C62B}.Debug|Any CPU.Build.0 = Debug|Any CPU
		{318026C9-B508-4C1D-8368-E5338791C62B}.Release|Any CPU.ActiveCfg = Release|Any CPU
		{318026C9-B508-4C1D-8368-E5338791C62B}.Release|Any CPU.Build.0 = Release|Any CPU
		{0ECDE570-2FBC-440D-B9CE-7D19930F45B9}.Debug|Any CPU.ActiveCfg = Debug|Any CPU
		{0ECDE570-2FBC-440D-B9CE-7D19930F45B9}.Debug|Any CPU.Build.0 = Debug|Any CPU
		{0ECDE570-2FBC-440D-B9CE-7D19930F45B9}.Release|Any CPU.ActiveCfg = Release|Any CPU
		{0ECDE570-2FBC-440D-B9CE-7D19930F45B9}.Release|Any CPU.Build.0 = Release|Any CPU
		{7BB6FA74-B35C-4DD8-A612-786C905800C5}.Debug|Any CPU.ActiveCfg = Debug|Any CPU
		{7BB6FA74-B35C-4DD8-A612-786C905800C5}.Debug|Any CPU.Build.0 = Debug|Any CPU
		{7BB6FA74-B35C-4DD8-A612-786C905800C5}.Release|Any CPU.ActiveCfg = Release|Any CPU
		{7BB6FA74-B35C-4DD8-A612-786C905800C5}.Release|Any CPU.Build.0 = Release|Any CPU
		{EFE797D5-3955-46C6-96D7-161B75E4FEF6}.Debug|Any CPU.ActiveCfg = Debug|Any CPU
		{EFE797D5-3955-46C6-96D7-161B75E4FEF6}.Debug|Any CPU.Build.0 = Debug|Any CPU
		{EFE797D5-3955-46C6-96D7-161B75E4FEF6}.Release|Any CPU.ActiveCfg = Release|Any CPU
		{EFE797D5-3955-46C6-96D7-161B75E4FEF6}.Release|Any CPU.Build.0 = Release|Any CPU
		{348028E5-7481-4430-8FB5-BB5060121DF7}.Debug|Any CPU.ActiveCfg = Debug|Any CPU
		{348028E5-7481-4430-8FB5-BB5060121DF7}.Debug|Any CPU.Build.0 = Debug|Any CPU
		{348028E5-7481-4430-8FB5-BB5060121DF7}.Release|Any CPU.ActiveCfg = Release|Any CPU
		{348028E5-7481-4430-8FB5-BB5060121DF7}.Release|Any CPU.Build.0 = Release|Any CPU
		{2842BA25-1CD6-48B7-80E2-DE38C5FB4159}.Debug|Any CPU.ActiveCfg = Debug|Any CPU
		{2842BA25-1CD6-48B7-80E2-DE38C5FB4159}.Debug|Any CPU.Build.0 = Debug|Any CPU
		{2842BA25-1CD6-48B7-80E2-DE38C5FB4159}.Release|Any CPU.ActiveCfg = Release|Any CPU
		{2842BA25-1CD6-48B7-80E2-DE38C5FB4159}.Release|Any CPU.Build.0 = Release|Any CPU
		{6C1CE16D-A076-4B30-9B28-EA06ACB1ED5C}.Debug|Any CPU.ActiveCfg = Debug|Any CPU
		{6C1CE16D-A076-4B30-9B28-EA06ACB1ED5C}.Debug|Any CPU.Build.0 = Debug|Any CPU
		{6C1CE16D-A076-4B30-9B28-EA06ACB1ED5C}.Release|Any CPU.ActiveCfg = Release|Any CPU
		{6C1CE16D-A076-4B30-9B28-EA06ACB1ED5C}.Release|Any CPU.Build.0 = Release|Any CPU
		{E3D0046B-84E8-4939-B0AB-8F5C105CF0E1}.Debug|Any CPU.ActiveCfg = Debug|Any CPU
		{E3D0046B-84E8-4939-B0AB-8F5C105CF0E1}.Debug|Any CPU.Build.0 = Debug|Any CPU
		{E3D0046B-84E8-4939-B0AB-8F5C105CF0E1}.Release|Any CPU.ActiveCfg = Release|Any CPU
		{E3D0046B-84E8-4939-B0AB-8F5C105CF0E1}.Release|Any CPU.Build.0 = Release|Any CPU
		{09C7D3DA-8DC2-46D4-BA49-A1572BAE2B1F}.Debug|Any CPU.ActiveCfg = Debug|Any CPU
		{09C7D3DA-8DC2-46D4-BA49-A1572BAE2B1F}.Debug|Any CPU.Build.0 = Debug|Any CPU
		{09C7D3DA-8DC2-46D4-BA49-A1572BAE2B1F}.Release|Any CPU.ActiveCfg = Release|Any CPU
		{09C7D3DA-8DC2-46D4-BA49-A1572BAE2B1F}.Release|Any CPU.Build.0 = Release|Any CPU
		{5BCB04AE-566A-4DE0-9B77-DD0E11040DCF}.Debug|Any CPU.ActiveCfg = Debug|Any CPU
		{5BCB04AE-566A-4DE0-9B77-DD0E11040DCF}.Debug|Any CPU.Build.0 = Debug|Any CPU
		{5BCB04AE-566A-4DE0-9B77-DD0E11040DCF}.Release|Any CPU.ActiveCfg = Release|Any CPU
		{5BCB04AE-566A-4DE0-9B77-DD0E11040DCF}.Release|Any CPU.Build.0 = Release|Any CPU
		{C27BB302-D066-498D-8CF9-761253B2210A}.Debug|Any CPU.ActiveCfg = Debug|Any CPU
		{C27BB302-D066-498D-8CF9-761253B2210A}.Debug|Any CPU.Build.0 = Debug|Any CPU
		{C27BB302-D066-498D-8CF9-761253B2210A}.Release|Any CPU.ActiveCfg = Release|Any CPU
		{C27BB302-D066-498D-8CF9-761253B2210A}.Release|Any CPU.Build.0 = Release|Any CPU
		{CFA9CB70-5C94-4224-BE0E-060A9D6F0EA6}.Debug|Any CPU.ActiveCfg = Debug|Any CPU
		{CFA9CB70-5C94-4224-BE0E-060A9D6F0EA6}.Debug|Any CPU.Build.0 = Debug|Any CPU
		{CFA9CB70-5C94-4224-BE0E-060A9D6F0EA6}.Release|Any CPU.ActiveCfg = Release|Any CPU
		{CFA9CB70-5C94-4224-BE0E-060A9D6F0EA6}.Release|Any CPU.Build.0 = Release|Any CPU
		{0B7A9DBB-5792-490B-BFA5-BA78ADDDF1E0}.Debug|Any CPU.ActiveCfg = Debug|Any CPU
		{0B7A9DBB-5792-490B-BFA5-BA78ADDDF1E0}.Debug|Any CPU.Build.0 = Debug|Any CPU
		{0B7A9DBB-5792-490B-BFA5-BA78ADDDF1E0}.Release|Any CPU.ActiveCfg = Release|Any CPU
		{0B7A9DBB-5792-490B-BFA5-BA78ADDDF1E0}.Release|Any CPU.Build.0 = Release|Any CPU
	EndGlobalSection
	GlobalSection(SolutionProperties) = preSolution
		HideSolutionNode = FALSE
	EndGlobalSection
	GlobalSection(NestedProjects) = preSolution
		{95322889-1095-4D90-927B-5B7D7CF0114C} = {C77C3683-2BAF-4FE2-9707-25F6657F39DD}
		{5E84A9F5-46E4-4363-8B89-53067627A1C7} = {C77C3683-2BAF-4FE2-9707-25F6657F39DD}
		{A3D1407D-9823-4917-9523-6C14B2F8006E} = {C77C3683-2BAF-4FE2-9707-25F6657F39DD}
		{56D612BB-02C9-4648-A20C-32E60F5F960E} = {C77C3683-2BAF-4FE2-9707-25F6657F39DD}
		{25FB840E-8F85-4E5D-9B52-F4CA1EDB8DE7} = {0919D393-7EF7-42F8-AF36-FDA44A3D3420}
		{AACFA37A-A4AF-49EB-8A2A-69AFDC74B5CF} = {C77C3683-2BAF-4FE2-9707-25F6657F39DD}
		{4C64CBFF-11C9-4886-B182-FB8218A9187B} = {C77C3683-2BAF-4FE2-9707-25F6657F39DD}
		{96BECE59-BDE7-4811-8735-446BEB448B82} = {0919D393-7EF7-42F8-AF36-FDA44A3D3420}
		{D45584DD-65C1-4562-85B8-AA5256531594} = {C77C3683-2BAF-4FE2-9707-25F6657F39DD}
		{D153D2C8-38B2-45AE-9D7A-A8F3B3821781} = {C77C3683-2BAF-4FE2-9707-25F6657F39DD}
		{5FF3CA70-CB63-42DC-9E48-537EFDB1E0A2} = {0919D393-7EF7-42F8-AF36-FDA44A3D3420}
		{FBF5B2BB-43D3-477E-B80C-9DC138DA70E7} = {0919D393-7EF7-42F8-AF36-FDA44A3D3420}
		{318026C9-B508-4C1D-8368-E5338791C62B} = {C77C3683-2BAF-4FE2-9707-25F6657F39DD}
		{0ECDE570-2FBC-440D-B9CE-7D19930F45B9} = {C77C3683-2BAF-4FE2-9707-25F6657F39DD}
		{7BB6FA74-B35C-4DD8-A612-786C905800C5} = {C77C3683-2BAF-4FE2-9707-25F6657F39DD}
		{EFE797D5-3955-46C6-96D7-161B75E4FEF6} = {0919D393-7EF7-42F8-AF36-FDA44A3D3420}
		{348028E5-7481-4430-8FB5-BB5060121DF7} = {C77C3683-2BAF-4FE2-9707-25F6657F39DD}
		{2842BA25-1CD6-48B7-80E2-DE38C5FB4159} = {C77C3683-2BAF-4FE2-9707-25F6657F39DD}
		{6C1CE16D-A076-4B30-9B28-EA06ACB1ED5C} = {C77C3683-2BAF-4FE2-9707-25F6657F39DD}
		{E3D0046B-84E8-4939-B0AB-8F5C105CF0E1} = {0919D393-7EF7-42F8-AF36-FDA44A3D3420}
		{09C7D3DA-8DC2-46D4-BA49-A1572BAE2B1F} = {0919D393-7EF7-42F8-AF36-FDA44A3D3420}
		{5BCB04AE-566A-4DE0-9B77-DD0E11040DCF} = {0919D393-7EF7-42F8-AF36-FDA44A3D3420}
		{0B7A9DBB-5792-490B-BFA5-BA78ADDDF1E0} = {C77C3683-2BAF-4FE2-9707-25F6657F39DD}
	EndGlobalSection
	GlobalSection(ExtensibilityGlobals) = postSolution
		SolutionGuid = {5C86431F-E88A-4B71-9C00-60ACDE24494F}
	EndGlobalSection
EndGlobal
